
Microsoft Visual Studio Solution File, Format Version 12.00
Project("{FAE04EC0-301F-11D3-BF4B-00C04F79EFBC}") = "AOC2024_CSharp", "AOC2024_CSharp\AOC2024_CSharp.csproj", "{944E7477-DD57-456A-B988-CB0BF100749D}"
EndProject
Project("{FAE04EC0-301F-11D3-BF4B-00C04F79EFBC}") = "Day1", "Day1\Day1.csproj", "{AEFD311D-81DF-464D-BD8D-F30D7B19BC97}"
EndProject
Project("{FAE04EC0-301F-11D3-BF4B-00C04F79EFBC}") = "scratch", "scratch\scratch.csproj", "{BFD7F06A-49B4-400D-BAB6-42CFBEEAEFED}"
EndProject
Project("{FAE04EC0-301F-11D3-BF4B-00C04F79EFBC}") = "Day2", "Day2\Day2.csproj", "{D0439BE9-7976-4390-A7C6-CB3E4B798106}"
EndProject
Project("{FAE04EC0-301F-11D3-BF4B-00C04F79EFBC}") = "Day3", "Day3\Day3.csproj", "{6D8FE0B0-6E57-4F0B-8D04-2D2994C30ACD}"
EndProject
Project("{FAE04EC0-301F-11D3-BF4B-00C04F79EFBC}") = "Day4", "Day4\Day4.csproj", "{79D52D8B-00E7-4098-9BFD-59B6E7A5807C}"
EndProject
Global
	GlobalSection(SolutionConfigurationPlatforms) = preSolution
		Debug|Any CPU = Debug|Any CPU
		Release|Any CPU = Release|Any CPU
	EndGlobalSection
	GlobalSection(ProjectConfigurationPlatforms) = postSolution
		{944E7477-DD57-456A-B988-CB0BF100749D}.Debug|Any CPU.ActiveCfg = Debug|Any CPU
		{944E7477-DD57-456A-B988-CB0BF100749D}.Debug|Any CPU.Build.0 = Debug|Any CPU
		{944E7477-DD57-456A-B988-CB0BF100749D}.Release|Any CPU.ActiveCfg = Release|Any CPU
		{944E7477-DD57-456A-B988-CB0BF100749D}.Release|Any CPU.Build.0 = Release|Any CPU
		{AEFD311D-81DF-464D-BD8D-F30D7B19BC97}.Debug|Any CPU.ActiveCfg = Debug|Any CPU
		{AEFD311D-81DF-464D-BD8D-F30D7B19BC97}.Debug|Any CPU.Build.0 = Debug|Any CPU
		{AEFD311D-81DF-464D-BD8D-F30D7B19BC97}.Release|Any CPU.ActiveCfg = Release|Any CPU
		{AEFD311D-81DF-464D-BD8D-F30D7B19BC97}.Release|Any CPU.Build.0 = Release|Any CPU
		{BFD7F06A-49B4-400D-BAB6-42CFBEEAEFED}.Debug|Any CPU.ActiveCfg = Debug|Any CPU
		{BFD7F06A-49B4-400D-BAB6-42CFBEEAEFED}.Debug|Any CPU.Build.0 = Debug|Any CPU
		{BFD7F06A-49B4-400D-BAB6-42CFBEEAEFED}.Release|Any CPU.ActiveCfg = Release|Any CPU
		{BFD7F06A-49B4-400D-BAB6-42CFBEEAEFED}.Release|Any CPU.Build.0 = Release|Any CPU
		{D0439BE9-7976-4390-A7C6-CB3E4B798106}.Debug|Any CPU.ActiveCfg = Debug|Any CPU
		{D0439BE9-7976-4390-A7C6-CB3E4B798106}.Debug|Any CPU.Build.0 = Debug|Any CPU
		{D0439BE9-7976-4390-A7C6-CB3E4B798106}.Release|Any CPU.ActiveCfg = Release|Any CPU
		{D0439BE9-7976-4390-A7C6-CB3E4B798106}.Release|Any CPU.Build.0 = Release|Any CPU
		{6D8FE0B0-6E57-4F0B-8D04-2D2994C30ACD}.Debug|Any CPU.ActiveCfg = Debug|Any CPU
		{6D8FE0B0-6E57-4F0B-8D04-2D2994C30ACD}.Debug|Any CPU.Build.0 = Debug|Any CPU
		{6D8FE0B0-6E57-4F0B-8D04-2D2994C30ACD}.Release|Any CPU.ActiveCfg = Release|Any CPU
		{6D8FE0B0-6E57-4F0B-8D04-2D2994C30ACD}.Release|Any CPU.Build.0 = Release|Any CPU
		{79D52D8B-00E7-4098-9BFD-59B6E7A5807C}.Debug|Any CPU.ActiveCfg = Debug|Any CPU
		{79D52D8B-00E7-4098-9BFD-59B6E7A5807C}.Debug|Any CPU.Build.0 = Debug|Any CPU
		{79D52D8B-00E7-4098-9BFD-59B6E7A5807C}.Release|Any CPU.ActiveCfg = Release|Any CPU
		{79D52D8B-00E7-4098-9BFD-59B6E7A5807C}.Release|Any CPU.Build.0 = Release|Any CPU
	EndGlobalSection
EndGlobal
